# This file is generated by running "yarn install" inside your project.
# Manual changes might be lost - proceed with caution!

__metadata:
  version: 6
  cacheKey: 8

"@cspotcode/source-map-support@npm:^0.8.0":
  version: 0.8.1
  resolution: "@cspotcode/source-map-support@npm:0.8.1"
  dependencies:
    "@jridgewell/trace-mapping": 0.3.9
  checksum: 5718f267085ed8edb3e7ef210137241775e607ee18b77d95aa5bd7514f47f5019aa2d82d96b3bf342ef7aa890a346fa1044532ff7cc3009e7d24fce3ce6200fa
  languageName: node
  linkType: hard

"@jridgewell/resolve-uri@npm:^3.0.3":
  version: 3.1.2
  resolution: "@jridgewell/resolve-uri@npm:3.1.2"
  checksum: 83b85f72c59d1c080b4cbec0fef84528963a1b5db34e4370fa4bd1e3ff64a0d80e0cee7369d11d73c704e0286fb2865b530acac7a871088fbe92b5edf1000870
  languageName: node
  linkType: hard

"@jridgewell/sourcemap-codec@npm:^1.4.10":
  version: 1.4.15
  resolution: "@jridgewell/sourcemap-codec@npm:1.4.15"
  checksum: b881c7e503db3fc7f3c1f35a1dd2655a188cc51a3612d76efc8a6eb74728bef5606e6758ee77423e564092b4a518aba569bbb21c9bac5ab7a35b0c6ae7e344c8
  languageName: node
  linkType: hard

"@jridgewell/trace-mapping@npm:0.3.9":
  version: 0.3.9
  resolution: "@jridgewell/trace-mapping@npm:0.3.9"
  dependencies:
    "@jridgewell/resolve-uri": ^3.0.3
    "@jridgewell/sourcemap-codec": ^1.4.10
  checksum: d89597752fd88d3f3480845691a05a44bd21faac18e2185b6f436c3b0fd0c5a859fbbd9aaa92050c4052caf325ad3e10e2e1d1b64327517471b7d51babc0ddef
  languageName: node
  linkType: hard

"@nodelib/fs.scandir@npm:2.1.5":
  version: 2.1.5
  resolution: "@nodelib/fs.scandir@npm:2.1.5"
  dependencies:
    "@nodelib/fs.stat": 2.0.5
    run-parallel: ^1.1.9
  checksum: a970d595bd23c66c880e0ef1817791432dbb7acbb8d44b7e7d0e7a22f4521260d4a83f7f9fd61d44fda4610105577f8f58a60718105fb38352baed612fd79e59
  languageName: node
  linkType: hard

"@nodelib/fs.stat@npm:2.0.5, @nodelib/fs.stat@npm:^2.0.2":
  version: 2.0.5
  resolution: "@nodelib/fs.stat@npm:2.0.5"
  checksum: 012480b5ca9d97bff9261571dbbec7bbc6033f69cc92908bc1ecfad0792361a5a1994bc48674b9ef76419d056a03efadfce5a6cf6dbc0a36559571a7a483f6f0
  languageName: node
  linkType: hard

"@nodelib/fs.walk@npm:^1.2.3":
  version: 1.2.8
  resolution: "@nodelib/fs.walk@npm:1.2.8"
  dependencies:
    "@nodelib/fs.scandir": 2.1.5
    fastq: ^1.6.0
  checksum: 190c643f156d8f8f277bf2a6078af1ffde1fd43f498f187c2db24d35b4b4b5785c02c7dc52e356497b9a1b65b13edc996de08de0b961c32844364da02986dc53
  languageName: node
  linkType: hard

"@prisma/client@npm:^5.13.0":
  version: 5.13.0
  resolution: "@prisma/client@npm:5.13.0"
  peerDependencies:
    prisma: "*"
  peerDependenciesMeta:
    prisma:
      optional: true
  checksum: aaf3a452931985443a60e94d274abdd6822179b254b4a304d19c83ecee3ad705fb00a4d0a7ece0e549c249e6e9fa974d14eaefac3b10a05f105c9b0a01f3647d
  languageName: node
  linkType: hard

"@prisma/debug@npm:5.13.0":
  version: 5.13.0
  resolution: "@prisma/debug@npm:5.13.0"
  checksum: aeba872928424bbe74f0e8bf811fd682ac72742cdf9f542b9e55ad976f2177945f16fc68859d1118b1f42d6f8b88963368b65f353267e1a9c415170e9e061149
  languageName: node
  linkType: hard

"@prisma/engines-version@npm:5.13.0-23.b9a39a7ee606c28e3455d0fd60e78c3ba82b1a2b":
  version: 5.13.0-23.b9a39a7ee606c28e3455d0fd60e78c3ba82b1a2b
  resolution: "@prisma/engines-version@npm:5.13.0-23.b9a39a7ee606c28e3455d0fd60e78c3ba82b1a2b"
  checksum: d3c8c4e3f982e6ee8e104ff780e6078557f71c2b47890a6e29a02d76232b767aadcbfcd51a56a600c613e0c30b24f3bbf5057342e1475bb86a09384942014295
  languageName: node
  linkType: hard

"@prisma/engines@npm:5.13.0":
  version: 5.13.0
  resolution: "@prisma/engines@npm:5.13.0"
  dependencies:
    "@prisma/debug": 5.13.0
    "@prisma/engines-version": 5.13.0-23.b9a39a7ee606c28e3455d0fd60e78c3ba82b1a2b
    "@prisma/fetch-engine": 5.13.0
    "@prisma/get-platform": 5.13.0
  checksum: b87494f65fba2743fe538f24ffc35fa174ea4e1c12bfdedd5cebc218399b2339e0bb09a1bde5b86412a26116a4264afe8a95ee609d2a1932fb312ee309052a54
  languageName: node
  linkType: hard

"@prisma/fetch-engine@npm:5.13.0":
  version: 5.13.0
  resolution: "@prisma/fetch-engine@npm:5.13.0"
  dependencies:
    "@prisma/debug": 5.13.0
    "@prisma/engines-version": 5.13.0-23.b9a39a7ee606c28e3455d0fd60e78c3ba82b1a2b
    "@prisma/get-platform": 5.13.0
  checksum: cf65b814ef93de6c0013ac95111dc388a8563829d0020d31f630fdb637be7e91a52d451531ceab91c613b4635e5eac952c2af239db85b455009d401b1a8bf860
  languageName: node
  linkType: hard

"@prisma/generator-helper@npm:5.13.0, @prisma/generator-helper@npm:^5.13.0, @prisma/generator-helper@npm:^5.4.2":
  version: 5.13.0
  resolution: "@prisma/generator-helper@npm:5.13.0"
  dependencies:
    "@prisma/debug": 5.13.0
  checksum: 228bc0c54ae51f17c65bf79cfe00c1459680f0452d248b91b9c4b75cc1a7c2fb15d497984ffc94f3aff1721c02a5202a996e92fc7da2665a7cd09874b1f2bde6
  languageName: node
  linkType: hard

"@prisma/get-platform@npm:5.13.0":
  version: 5.13.0
  resolution: "@prisma/get-platform@npm:5.13.0"
  dependencies:
    "@prisma/debug": 5.13.0
  checksum: f7dfbe9e1f68407923e11d3a28694bc30dcf195053b64d69c03ef534fcf419c31f9d8f39b34e7bb86daa0020384db2f9f4f7dffd884b6e850db412dc5e5331d3
  languageName: node
  linkType: hard

"@prisma/internals@npm:^5.13.0, @prisma/internals@npm:^5.4.2":
  version: 5.13.0
  resolution: "@prisma/internals@npm:5.13.0"
  dependencies:
    "@prisma/debug": 5.13.0
    "@prisma/engines": 5.13.0
    "@prisma/fetch-engine": 5.13.0
    "@prisma/generator-helper": 5.13.0
    "@prisma/get-platform": 5.13.0
    "@prisma/prisma-schema-wasm": 5.13.0-23.b9a39a7ee606c28e3455d0fd60e78c3ba82b1a2b
    "@prisma/schema-files-loader": 5.13.0
    arg: 5.0.2
    prompts: 2.4.2
  checksum: fb52ad08c8449b54b2a6c812bcebb1affbed93f44cdd87cdfcc64bd9a0aeef88dec3d45ed81dff94d371476fb69e96723b515bcecf674f30ebec958374816595
  languageName: node
  linkType: hard

"@prisma/prisma-schema-wasm@npm:5.13.0-23.b9a39a7ee606c28e3455d0fd60e78c3ba82b1a2b":
  version: 5.13.0-23.b9a39a7ee606c28e3455d0fd60e78c3ba82b1a2b
  resolution: "@prisma/prisma-schema-wasm@npm:5.13.0-23.b9a39a7ee606c28e3455d0fd60e78c3ba82b1a2b"
  checksum: 3e81833afd8419d1fff401929a6d118c23a8436858732e6c4b01391ded2c9bb1699d05ed24b066b5b697dfce1e3d85f77430c984339a6a9fd050f76f822c624f
  languageName: node
  linkType: hard

"@prisma/schema-files-loader@npm:5.13.0":
  version: 5.13.0
  resolution: "@prisma/schema-files-loader@npm:5.13.0"
  dependencies:
    fs-extra: 11.1.1
  checksum: 55bcfc1989f24c3800c7ee782245aa5e2bcc774cac43032577d3f9828b7a77dcced4431631d3236802e1eae8b13a4916fd5dcbe9831d1787a362736c107ad89c
  languageName: node
  linkType: hard

"@ts-morph/common@npm:~0.21.0":
  version: 0.21.0
  resolution: "@ts-morph/common@npm:0.21.0"
  dependencies:
    fast-glob: ^3.2.12
    minimatch: ^7.4.3
    mkdirp: ^2.1.6
    path-browserify: ^1.0.1
  checksum: c322e2a58608d7d924646b10ba9ad432b03e7b119788c9f0f270550bd5aca22947fcaa1c63f27e80898a50de3ed99fc8d9c23569c6a2f3f36c9307e35ceba3ed
  languageName: node
  linkType: hard

"@tsconfig/node10@npm:^1.0.7":
  version: 1.0.11
  resolution: "@tsconfig/node10@npm:1.0.11"
  checksum: 51fe47d55fe1b80ec35e6e5ed30a13665fd3a531945350aa74a14a1e82875fb60b350c2f2a5e72a64831b1b6bc02acb6760c30b3738b54954ec2dea82db7a267
  languageName: node
  linkType: hard

"@tsconfig/node12@npm:^1.0.7":
  version: 1.0.11
  resolution: "@tsconfig/node12@npm:1.0.11"
  checksum: 5ce29a41b13e7897a58b8e2df11269c5395999e588b9a467386f99d1d26f6c77d1af2719e407621412520ea30517d718d5192a32403b8dfcc163bf33e40a338a
  languageName: node
  linkType: hard

"@tsconfig/node14@npm:^1.0.0":
  version: 1.0.3
  resolution: "@tsconfig/node14@npm:1.0.3"
  checksum: 19275fe80c4c8d0ad0abed6a96dbf00642e88b220b090418609c4376e1cef81bf16237bf170ad1b341452feddb8115d8dd2e5acdfdea1b27422071163dc9ba9d
  languageName: node
  linkType: hard

"@tsconfig/node16@npm:^1.0.2":
  version: 1.0.4
  resolution: "@tsconfig/node16@npm:1.0.4"
  checksum: 202319785901f942a6e1e476b872d421baec20cf09f4b266a1854060efbf78cde16a4d256e8bc949d31e6cd9a90f1e8ef8fb06af96a65e98338a2b6b0de0a0ff
  languageName: node
  linkType: hard

"@types/node@npm:^20.12.7":
  version: 20.12.7
  resolution: "@types/node@npm:20.12.7"
  dependencies:
    undici-types: ~5.26.4
  checksum: 7cc979f7e2ca9a339ec71318c3901b9978555257929ef3666987f3e447123bc6dc92afcc89f6347e09e07d602fde7d51bcddea626c23aa2bb74aeaacfd1e1686
  languageName: node
  linkType: hard

"@types/prettier@npm:^3.0.0":
  version: 3.0.0
  resolution: "@types/prettier@npm:3.0.0"
  dependencies:
    prettier: "*"
  checksum: a2a512d304e5bcf78f38089dc88ad19215e6ab871d435a17aef3ce538a63b07c0e359c18db23989dc1ed9fff96d99eee1f680416080184df5c7e0e3bf767e165
  languageName: node
  linkType: hard

"acorn-walk@npm:^8.1.1":
  version: 8.3.2
  resolution: "acorn-walk@npm:8.3.2"
  checksum: 3626b9d26a37b1b427796feaa5261faf712307a8920392c8dce9a5739fb31077667f4ad2ec71c7ac6aaf9f61f04a9d3d67ff56f459587206fc04aa31c27ef392
  languageName: node
  linkType: hard

"acorn@npm:^8.4.1":
  version: 8.11.3
  resolution: "acorn@npm:8.11.3"
  bin:
    acorn: bin/acorn
  checksum: 76d8e7d559512566b43ab4aadc374f11f563f0a9e21626dd59cb2888444e9445923ae9f3699972767f18af61df89cd89f5eaaf772d1327b055b45cb829b4a88c
  languageName: node
  linkType: hard

"arg@npm:5.0.2":
  version: 5.0.2
  resolution: "arg@npm:5.0.2"
  checksum: 6c69ada1a9943d332d9e5382393e897c500908d91d5cb735a01120d5f71daf1b339b7b8980cbeaba8fd1afc68e658a739746179e4315a26e8a28951ff9930078
  languageName: node
  linkType: hard

"arg@npm:^4.1.0":
  version: 4.1.3
  resolution: "arg@npm:4.1.3"
  checksum: 544af8dd3f60546d3e4aff084d451b96961d2267d668670199692f8d054f0415d86fc5497d0e641e91546f0aa920e7c29e5250e99fc89f5552a34b5d93b77f43
  languageName: node
  linkType: hard

"balanced-match@npm:^1.0.0":
  version: 1.0.2
  resolution: "balanced-match@npm:1.0.2"
  checksum: 9706c088a283058a8a99e0bf91b0a2f75497f185980d9ffa8b304de1d9e58ebda7c72c07ebf01dadedaac5b2907b2c6f566f660d62bd336c3468e960403b9d65
  languageName: node
  linkType: hard

"brace-expansion@npm:^2.0.1":
  version: 2.0.1
  resolution: "brace-expansion@npm:2.0.1"
  dependencies:
    balanced-match: ^1.0.0
  checksum: a61e7cd2e8a8505e9f0036b3b6108ba5e926b4b55089eeb5550cd04a471fe216c96d4fe7e4c7f995c728c554ae20ddfc4244cad10aef255e72b62930afd233d1
  languageName: node
  linkType: hard

"braces@npm:^3.0.2":
  version: 3.0.2
  resolution: "braces@npm:3.0.2"
  dependencies:
    fill-range: ^7.0.1
  checksum: e2a8e769a863f3d4ee887b5fe21f63193a891c68b612ddb4b68d82d1b5f3ff9073af066c343e9867a393fe4c2555dcb33e89b937195feb9c1613d259edfcd459
  languageName: node
  linkType: hard

"code-block-writer@npm:^12.0.0":
  version: 12.0.0
  resolution: "code-block-writer@npm:12.0.0"
  checksum: 9f6505a4d668c9131c6f3f686359079439e66d5f50c236614d52fcfa53aeb0bc615b2c6c64ef05b5511e3b0433ccfd9f7756ad40eb3b9298af6a7d791ab1981d
  languageName: node
  linkType: hard

"create-require@npm:^1.1.0":
  version: 1.1.1
  resolution: "create-require@npm:1.1.1"
  checksum: a9a1503d4390d8b59ad86f4607de7870b39cad43d929813599a23714831e81c520bddf61bcdd1f8e30f05fd3a2b71ae8538e946eb2786dc65c2bbc520f692eff
  languageName: node
  linkType: hard

"diff@npm:^4.0.1":
  version: 4.0.2
  resolution: "diff@npm:4.0.2"
  checksum: f2c09b0ce4e6b301c221addd83bf3f454c0bc00caa3dd837cf6c127d6edf7223aa2bbe3b688feea110b7f262adbfc845b757c44c8a9f8c0c5b15d8fa9ce9d20d
  languageName: node
  linkType: hard

"fast-glob@npm:^3.2.12":
  version: 3.3.2
  resolution: "fast-glob@npm:3.3.2"
  dependencies:
    "@nodelib/fs.stat": ^2.0.2
    "@nodelib/fs.walk": ^1.2.3
    glob-parent: ^5.1.2
    merge2: ^1.3.0
    micromatch: ^4.0.4
  checksum: 900e4979f4dbc3313840078419245621259f349950411ca2fa445a2f9a1a6d98c3b5e7e0660c5ccd563aa61abe133a21765c6c0dec8e57da1ba71d8000b05ec1
  languageName: node
  linkType: hard

"fastq@npm:^1.6.0":
  version: 1.17.1
  resolution: "fastq@npm:1.17.1"
  dependencies:
    reusify: ^1.0.4
  checksum: a8c5b26788d5a1763f88bae56a8ddeee579f935a831c5fe7a8268cea5b0a91fbfe705f612209e02d639b881d7b48e461a50da4a10cfaa40da5ca7cc9da098d88
  languageName: node
  linkType: hard

"fill-range@npm:^7.0.1":
  version: 7.0.1
  resolution: "fill-range@npm:7.0.1"
  dependencies:
    to-regex-range: ^5.0.1
  checksum: cc283f4e65b504259e64fd969bcf4def4eb08d85565e906b7d36516e87819db52029a76b6363d0f02d0d532f0033c9603b9e2d943d56ee3b0d4f7ad3328ff917
  languageName: node
  linkType: hard

"fs-extra@npm:11.1.1":
  version: 11.1.1
  resolution: "fs-extra@npm:11.1.1"
  dependencies:
    graceful-fs: ^4.2.0
    jsonfile: ^6.0.1
    universalify: ^2.0.0
  checksum: fb883c68245b2d777fbc1f2082c9efb084eaa2bbf9fddaa366130d196c03608eebef7fb490541276429ee1ca99f317e2d73e96f5ca0999eefedf5a624ae1edfd
  languageName: node
  linkType: hard

"glob-parent@npm:^5.1.2":
  version: 5.1.2
  resolution: "glob-parent@npm:5.1.2"
  dependencies:
    is-glob: ^4.0.1
  checksum: f4f2bfe2425296e8a47e36864e4f42be38a996db40420fe434565e4480e3322f18eb37589617a98640c5dc8fdec1a387007ee18dbb1f3f5553409c34d17f425e
  languageName: node
  linkType: hard

"graceful-fs@npm:^4.1.6, graceful-fs@npm:^4.2.0":
  version: 4.2.11
  resolution: "graceful-fs@npm:4.2.11"
  checksum: ac85f94da92d8eb6b7f5a8b20ce65e43d66761c55ce85ac96df6865308390da45a8d3f0296dd3a663de65d30ba497bd46c696cc1e248c72b13d6d567138a4fc7
  languageName: node
  linkType: hard

"is-extglob@npm:^2.1.1":
  version: 2.1.1
  resolution: "is-extglob@npm:2.1.1"
  checksum: df033653d06d0eb567461e58a7a8c9f940bd8c22274b94bf7671ab36df5719791aae15eef6d83bbb5e23283967f2f984b8914559d4449efda578c775c4be6f85
  languageName: node
  linkType: hard

"is-glob@npm:^4.0.1":
  version: 4.0.3
  resolution: "is-glob@npm:4.0.3"
  dependencies:
    is-extglob: ^2.1.1
  checksum: d381c1319fcb69d341cc6e6c7cd588e17cd94722d9a32dbd60660b993c4fb7d0f19438674e68dfec686d09b7c73139c9166b47597f846af387450224a8101ab4
  languageName: node
  linkType: hard

"is-number@npm:^7.0.0":
  version: 7.0.0
  resolution: "is-number@npm:7.0.0"
  checksum: 456ac6f8e0f3111ed34668a624e45315201dff921e5ac181f8ec24923b99e9f32ca1a194912dc79d539c97d33dba17dc635202ff0b2cf98326f608323276d27a
  languageName: node
  linkType: hard

"jsonfile@npm:^6.0.1":
  version: 6.1.0
  resolution: "jsonfile@npm:6.1.0"
  dependencies:
    graceful-fs: ^4.1.6
    universalify: ^2.0.0
  dependenciesMeta:
    graceful-fs:
      optional: true
  checksum: 7af3b8e1ac8fe7f1eccc6263c6ca14e1966fcbc74b618d3c78a0a2075579487547b94f72b7a1114e844a1e15bb00d440e5d1720bfc4612d790a6f285d5ea8354
  languageName: node
  linkType: hard

"kleur@npm:^3.0.3":
  version: 3.0.3
  resolution: "kleur@npm:3.0.3"
  checksum: df82cd1e172f957bae9c536286265a5cdbd5eeca487cb0a3b2a7b41ef959fc61f8e7c0e9aeea9c114ccf2c166b6a8dd45a46fd619c1c569d210ecd2765ad5169
  languageName: node
  linkType: hard

"lru-cache@npm:^6.0.0":
  version: 6.0.0
  resolution: "lru-cache@npm:6.0.0"
  dependencies:
    yallist: ^4.0.0
  checksum: f97f499f898f23e4585742138a22f22526254fdba6d75d41a1c2526b3b6cc5747ef59c5612ba7375f42aca4f8461950e925ba08c991ead0651b4918b7c978297
  languageName: node
  linkType: hard

"make-error@npm:^1.1.1":
  version: 1.3.6
  resolution: "make-error@npm:1.3.6"
  checksum: b86e5e0e25f7f777b77fabd8e2cbf15737972869d852a22b7e73c17623928fccb826d8e46b9951501d3f20e51ad74ba8c59ed584f610526a48f8ccf88aaec402
  languageName: node
  linkType: hard

"merge2@npm:^1.3.0":
  version: 1.4.1
  resolution: "merge2@npm:1.4.1"
  checksum: 7268db63ed5169466540b6fb947aec313200bcf6d40c5ab722c22e242f651994619bcd85601602972d3c85bd2cc45a358a4c61937e9f11a061919a1da569b0c2
  languageName: node
  linkType: hard

"micromatch@npm:^4.0.4":
  version: 4.0.5
  resolution: "micromatch@npm:4.0.5"
  dependencies:
    braces: ^3.0.2
    picomatch: ^2.3.1
  checksum: 02a17b671c06e8fefeeb6ef996119c1e597c942e632a21ef589154f23898c9c6a9858526246abb14f8bca6e77734aa9dcf65476fca47cedfb80d9577d52843fc
  languageName: node
  linkType: hard

"minimatch@npm:^7.4.3":
  version: 7.4.6
  resolution: "minimatch@npm:7.4.6"
  dependencies:
    brace-expansion: ^2.0.1
  checksum: 1a6c8d22618df9d2a88aabeef1de5622eb7b558e9f8010be791cb6b0fa6e102d39b11c28d75b855a1e377b12edc7db8ff12a99c20353441caa6a05e78deb5da9
  languageName: node
  linkType: hard

"mkdirp@npm:^2.1.6":
  version: 2.1.6
  resolution: "mkdirp@npm:2.1.6"
  bin:
    mkdirp: dist/cjs/src/bin.js
  checksum: 8a1d09ffac585e55f41c54f445051f5bc33a7de99b952bb04c576cafdf1a67bb4bae8cb93736f7da6838771fbf75bc630430a3a59e1252047d2278690bd150ee
  languageName: node
  linkType: hard

"path-browserify@npm:^1.0.1":
  version: 1.0.1
  resolution: "path-browserify@npm:1.0.1"
  checksum: c6d7fa376423fe35b95b2d67990060c3ee304fc815ff0a2dc1c6c3cfaff2bd0d572ee67e18f19d0ea3bbe32e8add2a05021132ac40509416459fffee35200699
  languageName: node
  linkType: hard

"picomatch@npm:^2.3.1":
  version: 2.3.1
  resolution: "picomatch@npm:2.3.1"
  checksum: 050c865ce81119c4822c45d3c84f1ced46f93a0126febae20737bd05ca20589c564d6e9226977df859ed5e03dc73f02584a2b0faad36e896936238238b0446cf
  languageName: node
  linkType: hard

"pluralize@npm:^8.0.0":
  version: 8.0.0
  resolution: "pluralize@npm:8.0.0"
  checksum: 08931d4a6a4a5561a7f94f67a31c17e6632cb21e459ab3ff4f6f629d9a822984cf8afef2311d2005fbea5d7ef26016ebb090db008e2d8bce39d0a9a9d218736e
  languageName: node
  linkType: hard

"prettier@npm:*, prettier@npm:^3.2.5":
  version: 3.2.5
  resolution: "prettier@npm:3.2.5"
  bin:
    prettier: bin/prettier.cjs
  checksum: 2ee4e1417572372afb7a13bb446b34f20f1bf1747db77cf6ccaf57a9be005f2f15c40f903d41a6b79eec3f57fff14d32a20fb6dee1f126da48908926fe43c311
  languageName: node
  linkType: hard

"prisma-zod-generator@workspace:.":
  version: 0.0.0-use.local
  resolution: "prisma-zod-generator@workspace:."
  dependencies:
    "@prisma/client": ^5.13.0
    "@prisma/generator-helper": ^5.13.0
    "@prisma/internals": ^5.13.0
    "@types/node": ^20.12.7
    "@types/prettier": ^3.0.0
    prettier: ^3.2.5
    prisma: ^5.13.0
    ts-node: ^10.9.2
    tslib: ^2.6.2
    typegraphql-prisma: ^0.27.2
    typescript: ^5.4.5
    zod: ^3.23.4
  bin:
    prisma-zod-generator: lib/src/generator.js
  languageName: unknown
  linkType: soft

"prisma@npm:^5.13.0":
  version: 5.13.0
  resolution: "prisma@npm:5.13.0"
  dependencies:
    "@prisma/engines": 5.13.0
  bin:
    prisma: build/index.js
  checksum: a335d628f1aca8082844059fe0491ddf595af894454c6952f78dccbd5bc4f58f02adcae2e1508be80f804b9a4dba2ec3e8582b5cca6f234bc9b4c776a7d6fdf4
  languageName: node
  linkType: hard

"prompts@npm:2.4.2":
  version: 2.4.2
  resolution: "prompts@npm:2.4.2"
  dependencies:
    kleur: ^3.0.3
    sisteransi: ^1.0.5
  checksum: d8fd1fe63820be2412c13bfc5d0a01909acc1f0367e32396962e737cb2fc52d004f3302475d5ce7d18a1e8a79985f93ff04ee03007d091029c3f9104bffc007d
  languageName: node
  linkType: hard

"queue-microtask@npm:^1.2.2":
  version: 1.2.3
  resolution: "queue-microtask@npm:1.2.3"
  checksum: b676f8c040cdc5b12723ad2f91414d267605b26419d5c821ff03befa817ddd10e238d22b25d604920340fd73efd8ba795465a0377c4adf45a4a41e4234e42dc4
  languageName: node
  linkType: hard

"reusify@npm:^1.0.4":
  version: 1.0.4
  resolution: "reusify@npm:1.0.4"
  checksum: c3076ebcc22a6bc252cb0b9c77561795256c22b757f40c0d8110b1300723f15ec0fc8685e8d4ea6d7666f36c79ccc793b1939c748bf36f18f542744a4e379fcc
  languageName: node
  linkType: hard

"run-parallel@npm:^1.1.9":
  version: 1.2.0
  resolution: "run-parallel@npm:1.2.0"
  dependencies:
    queue-microtask: ^1.2.2
  checksum: cb4f97ad25a75ebc11a8ef4e33bb962f8af8516bb2001082ceabd8902e15b98f4b84b4f8a9b222e5d57fc3bd1379c483886ed4619367a7680dad65316993021d
  languageName: node
  linkType: hard

"semver@npm:^7.5.4":
  version: 7.6.0
  resolution: "semver@npm:7.6.0"
  dependencies:
    lru-cache: ^6.0.0
  bin:
    semver: bin/semver.js
  checksum: 7427f05b70786c696640edc29fdd4bc33b2acf3bbe1740b955029044f80575fc664e1a512e4113c3af21e767154a94b4aa214bf6cd6e42a1f6dba5914e0b208c
  languageName: node
  linkType: hard

"sisteransi@npm:^1.0.5":
  version: 1.0.5
  resolution: "sisteransi@npm:1.0.5"
  checksum: aba6438f46d2bfcef94cf112c835ab395172c75f67453fe05c340c770d3c402363018ae1ab4172a1026a90c47eaccf3af7b6ff6fa749a680c2929bd7fa2b37a4
  languageName: node
  linkType: hard

"to-regex-range@npm:^5.0.1":
  version: 5.0.1
  resolution: "to-regex-range@npm:5.0.1"
  dependencies:
    is-number: ^7.0.0
  checksum: f76fa01b3d5be85db6a2a143e24df9f60dd047d151062d0ba3df62953f2f697b16fe5dad9b0ac6191c7efc7b1d9dcaa4b768174b7b29da89d4428e64bc0a20ed
  languageName: node
  linkType: hard

"ts-morph@npm:^20.0.0":
  version: 20.0.0
  resolution: "ts-morph@npm:20.0.0"
  dependencies:
    "@ts-morph/common": ~0.21.0
    code-block-writer: ^12.0.0
  checksum: 8a96d72a26e4e3c4139c581834364a97207f78a5878f70aa6f58787c0f4003a9386a64f43b814bac7bf028e572ef8660939f56844641b05bfaf7ae7437be9011
  languageName: node
  linkType: hard

"ts-node@npm:^10.9.2":
  version: 10.9.2
  resolution: "ts-node@npm:10.9.2"
  dependencies:
    "@cspotcode/source-map-support": ^0.8.0
    "@tsconfig/node10": ^1.0.7
    "@tsconfig/node12": ^1.0.7
    "@tsconfig/node14": ^1.0.0
    "@tsconfig/node16": ^1.0.2
    acorn: ^8.4.1
    acorn-walk: ^8.1.1
    arg: ^4.1.0
    create-require: ^1.1.0
    diff: ^4.0.1
    make-error: ^1.1.1
    v8-compile-cache-lib: ^3.0.1
    yn: 3.1.1
  peerDependencies:
    "@swc/core": ">=1.2.50"
    "@swc/wasm": ">=1.2.50"
    "@types/node": "*"
    typescript: ">=2.7"
  peerDependenciesMeta:
    "@swc/core":
      optional: true
    "@swc/wasm":
      optional: true
  bin:
    ts-node: dist/bin.js
    ts-node-cwd: dist/bin-cwd.js
    ts-node-esm: dist/bin-esm.js
    ts-node-script: dist/bin-script.js
    ts-node-transpile-only: dist/bin-transpile.js
    ts-script: dist/bin-script-deprecated.js
  checksum: fde256c9073969e234526e2cfead42591b9a2aec5222bac154b0de2fa9e4ceb30efcd717ee8bc785a56f3a119bdd5aa27b333d9dbec94ed254bd26f8944c67ac
  languageName: node
  linkType: hard

"tslib@npm:^2.6.2":
  version: 2.6.2
  resolution: "tslib@npm:2.6.2"
  checksum: 329ea56123005922f39642318e3d1f0f8265d1e7fcb92c633e0809521da75eeaca28d2cf96d7248229deb40e5c19adf408259f4b9640afd20d13aecc1430f3ad
  languageName: node
  linkType: hard

"typegraphql-prisma@npm:^0.27.2":
  version: 0.27.2
  resolution: "typegraphql-prisma@npm:0.27.2"
  dependencies:
    "@prisma/generator-helper": ^5.4.2
    "@prisma/internals": ^5.4.2
    pluralize: ^8.0.0
    semver: ^7.5.4
    ts-morph: ^20.0.0
    tslib: ^2.6.2
  peerDependencies:
    "@prisma/client": ^5.0.0
    "@types/graphql-fields": ^1.3.8
    "@types/node": "*"
    graphql-fields: ^2.0.3
    graphql-scalars: ^1.22.4
    prisma: ^5.0.0
    tslib: ^2.6.2
    type-graphql: ^1.1.1 || >=1.2.0-rc || >=2.0.0-beta
  bin:
    typegraphql-prisma: lib/generator.js
  checksum: eefc6b9fa029ab3978b59480f61e5ea16b68e04478b4470bb1f91878b3c4a07611608bb287cad77e70560393a9dc839653088a23630fb29c571361a6d3801bbd
  languageName: node
  linkType: hard

"typescript@npm:^5.4.5":
  version: 5.4.5
  resolution: "typescript@npm:5.4.5"
  bin:
    tsc: bin/tsc
    tsserver: bin/tsserver
  checksum: 53c879c6fa1e3bcb194b274d4501ba1985894b2c2692fa079db03c5a5a7140587a1e04e1ba03184605d35f439b40192d9e138eb3279ca8eee313c081c8bcd9b0
  languageName: node
  linkType: hard

"typescript@patch:typescript@^5.4.5#~builtin<compat/typescript>":
  version: 5.4.5
  resolution: "typescript@patch:typescript@npm%3A5.4.5#~builtin<compat/typescript>::version=5.4.5&hash=1f5320"
  bin:
    tsc: bin/tsc
    tsserver: bin/tsserver
  checksum: 2373c693f3b328f3b2387c3efafe6d257b057a142f9a79291854b14ff4d5367d3d730810aee981726b677ae0fd8329b23309da3b6aaab8263dbdccf1da07a3ba
  languageName: node
  linkType: hard

"undici-types@npm:~5.26.4":
  version: 5.26.5
  resolution: "undici-types@npm:5.26.5"
  checksum: 3192ef6f3fd5df652f2dc1cd782b49d6ff14dc98e5dced492aa8a8c65425227da5da6aafe22523c67f035a272c599bb89cfe803c1db6311e44bed3042fc25487
  languageName: node
  linkType: hard

"universalify@npm:^2.0.0":
  version: 2.0.1
  resolution: "universalify@npm:2.0.1"
  checksum: ecd8469fe0db28e7de9e5289d32bd1b6ba8f7183db34f3bfc4ca53c49891c2d6aa05f3fb3936a81285a905cc509fb641a0c3fc131ec786167eff41236ae32e60
  languageName: node
  linkType: hard

"v8-compile-cache-lib@npm:^3.0.1":
  version: 3.0.1
  resolution: "v8-compile-cache-lib@npm:3.0.1"
  checksum: 78089ad549e21bcdbfca10c08850022b22024cdcc2da9b168bcf5a73a6ed7bf01a9cebb9eac28e03cd23a684d81e0502797e88f3ccd27a32aeab1cfc44c39da0
  languageName: node
  linkType: hard

"yallist@npm:^4.0.0":
  version: 4.0.0
  resolution: "yallist@npm:4.0.0"
  checksum: 343617202af32df2a15a3be36a5a8c0c8545208f3d3dfbc6bb7c3e3b7e8c6f8e7485432e4f3b88da3031a6e20afa7c711eded32ddfb122896ac5d914e75848d5
  languageName: node
  linkType: hard

"yn@npm:3.1.1":
  version: 3.1.1
  resolution: "yn@npm:3.1.1"
  checksum: 2c487b0e149e746ef48cda9f8bad10fc83693cd69d7f9dcd8be4214e985de33a29c9e24f3c0d6bcf2288427040a8947406ab27f7af67ee9456e6b84854f02dd6
  languageName: node
  linkType: hard

"zod@npm:^3.23.4":
  version: 3.23.5
  resolution: "zod@npm:3.23.5"
  checksum: 4b83c93c4d43640b31eb4289efedb23f303a272c39f8b492ee4b2fec1a1da0de078db3786a2e6cc08d6803f03e842af2ae16b430c7f2e0fea3eba16b72a9db36
  languageName: node
  linkType: hard
